
Microsoft Visual Studio Solution File, Format Version 12.00
# Visual Studio Version 17
VisualStudioVersion = 17.6.33829.357
MinimumVisualStudioVersion = 10.0.40219.1
Project("{FAE04EC0-301F-11D3-BF4B-00C04F79EFBC}") = "DesktopsContactApp", "DesktopsContactApp\DesktopsContactApp.csproj", "{7D841B6B-90DB-44B3-A65B-F7E17549AC60}"
EndProject
Global
	GlobalSection(SolutionConfigurationPlatforms) = preSolution
		Debug|Any CPU = Debug|Any CPU
		Release|Any CPU = Release|Any CPU
	EndGlobalSection
	GlobalSection(ProjectConfigurationPlatforms) = postSolution
		{7D841B6B-90DB-44B3-A65B-F7E17549AC60}.Debug|Any CPU.ActiveCfg = Debug|Any CPU
		{7D841B6B-90DB-44B3-A65B-F7E17549AC60}.Debug|Any CPU.Build.0 = Debug|Any CPU
		{7D841B6B-90DB-44B3-A65B-F7E17549AC60}.Release|Any CPU.ActiveCfg = Release|Any CPU
		{7D841B6B-90DB-44B3-A65B-F7E17549AC60}.Release|Any CPU.Build.0 = Release|Any CPU
	EndGlobalSection
	GlobalSection(SolutionProperties) = preSolution
		HideSolutionNode = FALSE
	EndGlobalSection
	GlobalSection(ExtensibilityGlobals) = postSolution
		SolutionGuid = {48FBD1C1-28B9-4894-AD45-880AE5EF5B15}
	EndGlobalSection
EndGlobal
